
Microsoft Visual Studio Solution File, Format Version 12.00
# Visual Studio Version 17
VisualStudioVersion = 17.14.36616.10
MinimumVisualStudioVersion = 10.0.40219.1
Project("{FAE04EC0-301F-11D3-BF4B-00C04F79EFBC}") = "UserService", "UserService\UserService.csproj", "{A29E28C4-5004-4365-843B-4F5CB8FF0544}"
EndProject
Project("{FAE04EC0-301F-11D3-BF4B-00C04F79EFBC}") = "ProductService", "ProductService\ProductService.csproj", "{92B38A79-44DE-4189-8F9C-EFBDBF6CA01E}"
EndProject
Project("{FAE04EC0-301F-11D3-BF4B-00C04F79EFBC}") = "InventoryService", "InventoryService\InventoryService.csproj", "{F9AFCD2E-100D-4C70-A992-48E925F5D5D0}"
EndProject
Global
	GlobalSection(SolutionConfigurationPlatforms) = preSolution
		Debug|Any CPU = Debug|Any CPU
		Release|Any CPU = Release|Any CPU
	EndGlobalSection
	GlobalSection(ProjectConfigurationPlatforms) = postSolution
		{A29E28C4-5004-4365-843B-4F5CB8FF0544}.Debug|Any CPU.ActiveCfg = Debug|Any CPU
		{A29E28C4-5004-4365-843B-4F5CB8FF0544}.Debug|Any CPU.Build.0 = Debug|Any CPU
		{A29E28C4-5004-4365-843B-4F5CB8FF0544}.Release|Any CPU.ActiveCfg = Release|Any CPU
		{A29E28C4-5004-4365-843B-4F5CB8FF0544}.Release|Any CPU.Build.0 = Release|Any CPU
		{92B38A79-44DE-4189-8F9C-EFBDBF6CA01E}.Debug|Any CPU.ActiveCfg = Debug|Any CPU
		{92B38A79-44DE-4189-8F9C-EFBDBF6CA01E}.Debug|Any CPU.Build.0 = Debug|Any CPU
		{92B38A79-44DE-4189-8F9C-EFBDBF6CA01E}.Release|Any CPU.ActiveCfg = Release|Any CPU
		{92B38A79-44DE-4189-8F9C-EFBDBF6CA01E}.Release|Any CPU.Build.0 = Release|Any CPU
		{F9AFCD2E-100D-4C70-A992-48E925F5D5D0}.Debug|Any CPU.ActiveCfg = Debug|Any CPU
		{F9AFCD2E-100D-4C70-A992-48E925F5D5D0}.Debug|Any CPU.Build.0 = Debug|Any CPU
		{F9AFCD2E-100D-4C70-A992-48E925F5D5D0}.Release|Any CPU.ActiveCfg = Release|Any CPU
		{F9AFCD2E-100D-4C70-A992-48E925F5D5D0}.Release|Any CPU.Build.0 = Release|Any CPU
	EndGlobalSection
	GlobalSection(SolutionProperties) = preSolution
		HideSolutionNode = FALSE
	EndGlobalSection
	GlobalSection(ExtensibilityGlobals) = postSolution
		SolutionGuid = {B3EB951C-0734-43FA-853B-9CE656B105DA}
	EndGlobalSection
EndGlobal
